
Microsoft Visual Studio Solution File, Format Version 11.00
# Visual Studio 2010
Project("{FAE04EC0-301F-11D3-BF4B-00C04F79EFBC}") = "Task1Building", "Assembly-CSharp.csproj", "{B21EC095-09C0-A829-D1BB-458B3D88922E}"
EndProject
Project("{FAE04EC0-301F-11D3-BF4B-00C04F79EFBC}") = "Task1Building", "Assembly-CSharp-Editor.csproj", "{5D3EE5F6-5686-8FF8-B119-CF49BD51F45E}"
EndProject
Global
	GlobalSection(SolutionConfigurationPlatforms) = preSolution
		Debug|Any CPU = Debug|Any CPU
		Release|Any CPU = Release|Any CPU
	EndGlobalSection
	GlobalSection(ProjectConfigurationPlatforms) = postSolution
		{B21EC095-09C0-A829-D1BB-458B3D88922E}.Debug|Any CPU.ActiveCfg = Debug|Any CPU
		{B21EC095-09C0-A829-D1BB-458B3D88922E}.Debug|Any CPU.Build.0 = Debug|Any CPU
		{B21EC095-09C0-A829-D1BB-458B3D88922E}.Release|Any CPU.ActiveCfg = Release|Any CPU
		{B21EC095-09C0-A829-D1BB-458B3D88922E}.Release|Any CPU.Build.0 = Release|Any CPU
		{5D3EE5F6-5686-8FF8-B119-CF49BD51F45E}.Debug|Any CPU.ActiveCfg = Debug|Any CPU
		{5D3EE5F6-5686-8FF8-B119-CF49BD51F45E}.Debug|Any CPU.Build.0 = Debug|Any CPU
		{5D3EE5F6-5686-8FF8-B119-CF49BD51F45E}.Release|Any CPU.ActiveCfg = Release|Any CPU
		{5D3EE5F6-5686-8FF8-B119-CF49BD51F45E}.Release|Any CPU.Build.0 = Release|Any CPU
	EndGlobalSection
	GlobalSection(SolutionProperties) = preSolution
		HideSolutionNode = FALSE
	EndGlobalSection
	GlobalSection(MonoDevelopProperties) = preSolution
		StartupItem = Assembly-CSharp.csproj
	EndGlobalSection
EndGlobal
